{
  "object": {
    "pins": [
      {
        "package": "CartySDK",
        "repositoryURL": "https://github.com/cartysdk/Carty-swift-package-manager.git",
        "state": {
          "branch": null,
          "revision": "1c0083d3204f9177299a115c43cd07e9047de694",
          "version": "0.6.0"
        }
      },
      {
        "package": "GoogleMobileAds",
        "repositoryURL": "https://github.com/googleads/swift-package-manager-google-mobile-ads.git",
        "state": {
          "branch": null,
          "revision": "1239c23464503053c17d37ee5daa70de3455e9c8",
          "version": "12.14.0"
        }
      },
      {
        "package": "GoogleUserMessagingPlatform",
        "repositoryURL": "https://github.com/googleads/swift-package-manager-google-user-messaging-platform.git",
        "state": {
          "branch": null,
          "revision": "13b248eaa73b7826f0efb1bcf455e251d65ecb1b",
          "version": "3.1.0"
        }
      }
    ]
  },
  "version": 1
}
